{
  "name": "search-element-example",
  "lockfileVersion": 3,
  "requires": true,
  "packages": {
    "": {
      "dependencies": {
        "@sourceloop/search-element": "^6.0.0"
      }
    },
    "node_modules/@sourceloop/search-element": {
      "version": "6.0.0",
      "resolved": "https://registry.npmjs.org/@sourceloop/search-element/-/search-element-6.0.0.tgz",
      "integrity": "sha512-bwcGAaiNA6v0sr7TXsyQZc4n/zmu3eQ5/UuUTRgAC4QskZ5w3iOzC6yNg18c+pZrG9uiixiXqi7OyvIvXQrk/w=="
    }
  }
}
